// !$*UTF8*$!
{
	archiveVersion = 1;
	classes = {
	};
	objectVersion = 46;
	objects = {

/* Begin PBXBuildFile section */
		270FD9631D5D3F0F004E4AD3 /* Twitter.framework in Frameworks */ = {isa = PBXBuildFile; fileRef = 270FD9621D5D3F0F004E4AD3 /* Twitter.framework */; };
		272D442A1D5D1B7F003E361E /* AppDelegate.swift in Sources */ = {isa = PBXBuildFile; fileRef = 272D44291D5D1B7F003E361E /* AppDelegate.swift */; };
		272D442F1D5D1B7F003E361E /* Main.storyboard in Resources */ = {isa = PBXBuildFile; fileRef = 272D442D1D5D1B7F003E361E /* Main.storyboard */; };
		272D44311D5D1B7F003E361E /* Assets.xcassets in Resources */ = {isa = PBXBuildFile; fileRef = 272D44301D5D1B7F003E361E /* Assets.xcassets */; };
		272D44341D5D1B7F003E361E /* LaunchScreen.storyboard in Resources */ = {isa = PBXBuildFile; fileRef = 272D44321D5D1B7F003E361E /* LaunchScreen.storyboard */; };
		272D443D1D5D1C0A003E361E /* TweetTableViewController.swift in Sources */ = {isa = PBXBuildFile; fileRef = 272D443C1D5D1C0A003E361E /* TweetTableViewController.swift */; };
		27ECF2D51D5E56A5005B5D3F /* TweetTableViewCell.swift in Sources */ = {isa = PBXBuildFile; fileRef = 27ECF2D41D5E56A5005B5D3F /* TweetTableViewCell.swift */; };
/* End PBXBuildFile section */

/* Begin PBXFileReference section */
		270FD9621D5D3F0F004E4AD3 /* Twitter.framework */ = {isa = PBXFileReference; lastKnownFileType = wrapper.framework; name = Twitter.framework; path = "../../../Library/Developer/Xcode/DerivedData/Lecture9-doqrtsxkvmkrnuaxlwqxpfdahkra/Build/Products/Debug-iphoneos/Twitter.framework"; sourceTree = "<group>"; };
		272D44261D5D1B7F003E361E /* Smashtag.app */ = {isa = PBXFileReference; explicitFileType = wrapper.application; includeInIndex = 0; path = Smashtag.app; sourceTree = BUILT_PRODUCTS_DIR; };
		272D44291D5D1B7F003E361E /* AppDelegate.swift */ = {isa = PBXFileReference; lastKnownFileType = sourcecode.swift; path = AppDelegate.swift; sourceTree = "<group>"; };
		272D442E1D5D1B7F003E361E /* Base */ = {isa = PBXFileReference; lastKnownFileType = file.storyboard; name = Base; path = Base.lproj/Main.storyboard; sourceTree = "<group>"; };
		272D44301D5D1B7F003E361E /* Assets.xcassets */ = {isa = PBXFileReference; lastKnownFileType = folder.assetcatalog; path = Assets.xcassets; sourceTree = "<group>"; };
		272D44331D5D1B7F003E361E /* Base */ = {isa = PBXFileReference; lastKnownFileType = file.storyboard; name = Base; path = Base.lproj/LaunchScreen.storyboard; sourceTree = "<group>"; };
		272D44351D5D1B7F003E361E /* Info.plist */ = {isa = PBXFileReference; lastKnownFileType = text.plist.xml; path = Info.plist; sourceTree = "<group>"; };
		272D443C1D5D1C0A003E361E /* TweetTableViewController.swift */ = {isa = PBXFileReference; fileEncoding = 4; lastKnownFileType = sourcecode.swift; path = TweetTableViewController.swift; sourceTree = "<group>"; };
		27ECF2D41D5E56A5005B5D3F /* TweetTableViewCell.swift */ = {isa = PBXFileReference; fileEncoding = 4; lastKnownFileType = sourcecode.swift; path = TweetTableViewCell.swift; sourceTree = "<group>"; };
/* End PBXFileReference section */

/* Begin PBXFrameworksBuildPhase section */
		272D44231D5D1B7F003E361E /* Frameworks */ = {
			isa = PBXFrameworksBuildPhase;
			buildActionMask = 2147483647;
			files = (
				270FD9631D5D3F0F004E4AD3 /* Twitter.framework in Frameworks */,
			);
			runOnlyForDeploymentPostprocessing = 0;
		};
/* End PBXFrameworksBuildPhase section */

/* Begin PBXGroup section */
		272D441D1D5D1B7F003E361E = {
			isa = PBXGroup;
			children = (
				270FD9621D5D3F0F004E4AD3 /* Twitter.framework */,
				272D44281D5D1B7F003E361E /* Smashtag */,
				272D44271D5D1B7F003E361E /* Products */,
			);
			sourceTree = "<group>";
		};
		272D44271D5D1B7F003E361E /* Products */ = {
			isa = PBXGroup;
			children = (
				272D44261D5D1B7F003E361E /* Smashtag.app */,
			);
			name = Products;
			sourceTree = "<group>";
		};
		272D44281D5D1B7F003E361E /* Smashtag */ = {
			isa = PBXGroup;
			children = (
				272D443B1D5D1BAD003E361E /* Supporting Files */,
				272D442D1D5D1B7F003E361E /* Main.storyboard */,
				27ECF2D41D5E56A5005B5D3F /* TweetTableViewCell.swift */,
				272D443C1D5D1C0A003E361E /* TweetTableViewController.swift */,
			);
			path = Smashtag;
			sourceTree = "<group>";
		};
		272D443B1D5D1BAD003E361E /* Supporting Files */ = {
			isa = PBXGroup;
			children = (
				272D44291D5D1B7F003E361E /* AppDelegate.swift */,
				272D44301D5D1B7F003E361E /* Assets.xcassets */,
				272D44321D5D1B7F003E361E /* LaunchScreen.storyboard */,
				272D44351D5D1B7F003E361E /* Info.plist */,
			);
			name = "Supporting Files";
			sourceTree = "<group>";
		};
/* End PBXGroup section */

/* Begin PBXNativeTarget section */
		272D44251D5D1B7F003E361E /* Smashtag */ = {
			isa = PBXNativeTarget;
			buildConfigurationList = 272D44381D5D1B7F003E361E /* Build configuration list for PBXNativeTarget "Smashtag" */;
			buildPhases = (
				272D44221D5D1B7F003E361E /* Sources */,
				272D44231D5D1B7F003E361E /* Frameworks */,
				272D44241D5D1B7F003E361E /* Resources */,
			);
			buildRules = (
			);
			dependencies = (
			);
			name = Smashtag;
			productName = Smashtag;
			productReference = 272D44261D5D1B7F003E361E /* Smashtag.app */;
			productType = "com.apple.product-type.application";
		};
/* End PBXNativeTarget section */

/* Begin PBXProject section */
		272D441E1D5D1B7F003E361E /* Project object */ = {
			isa = PBXProject;
			attributes = {
				LastUpgradeCheck = 0700;
				ORGANIZATIONNAME = Pradeep;
				TargetAttributes = {
					272D44251D5D1B7F003E361E = {
						CreatedOnToolsVersion = 7.0;
						DevelopmentTeam = 26KM6WTJTQ;
					};
				};
			};
			buildConfigurationList = 272D44211D5D1B7F003E361E /* Build configuration list for PBXProject "Smashtag" */;
			compatibilityVersion = "Xcode 3.2";
			developmentRegion = English;
			hasScannedForEncodings = 0;
			knownRegions = (
				en,
				Base,
			);
			mainGroup = 272D441D1D5D1B7F003E361E;
			productRefGroup = 272D44271D5D1B7F003E361E /* Products */;
			projectDirPath = "";
			projectRoot = "";
			targets = (
				272D44251D5D1B7F003E361E /* Smashtag */,
			);
		};
/* End PBXProject section */

/* Begin PBXResourcesBuildPhase section */
		272D44241D5D1B7F003E361E /* Resources */ = {
			isa = PBXResourcesBuildPhase;
			buildActionMask = 2147483647;
			files = (
				272D44341D5D1B7F003E361E /* LaunchScreen.storyboard in Resources */,
				272D44311D5D1B7F003E361E /* Assets.xcassets in Resources */,
				272D442F1D5D1B7F003E361E /* Main.storyboard in Resources */,
			);
			runOnlyForDeploymentPostprocessing = 0;
		};
/* End PBXResourcesBuildPhase section */

/* Begin PBXSourcesBuildPhase section */
		272D44221D5D1B7F003E361E /* Sources */ = {
			isa = PBXSourcesBuildPhase;
			buildActionMask = 2147483647;
			files = (
				272D442A1D5D1B7F003E361E /* AppDelegate.swift in Sources */,
				272D443D1D5D1C0A003E361E /* TweetTableViewController.swift in Sources */,
				27ECF2D51D5E56A5005B5D3F /* TweetTableViewCell.swift in Sources */,
			);
			runOnlyForDeploymentPostprocessing = 0;
		};
/* End PBXSourcesBuildPhase section */

/* Begin PBXVariantGroup section */
		272D442D1D5D1B7F003E361E /* Main.storyboard */ = {
			isa = PBXVariantGroup;
			children = (
				272D442E1D5D1B7F003E361E /* Base */,
			);
			name = Main.storyboard;
			sourceTree = "<group>";
		};
		272D44321D5D1B7F003E361E /* LaunchScreen.storyboard */ = {
			isa = PBXVariantGroup;
			children = (
				272D44331D5D1B7F003E361E /* Base */,
			);
			name = LaunchScreen.storyboard;
			sourceTree = "<group>";
		};
/* End PBXVariantGroup section */

/* Begin XCBuildConfiguration section */
		272D44361D5D1B7F003E361E /* Debug */ = {
			isa = XCBuildConfiguration;
			buildSettings = {
				ALWAYS_SEARCH_USER_PATHS = NO;
				CLANG_CXX_LANGUAGE_STANDARD = "gnu++0x";
				CLANG_CXX_LIBRARY = "libc++";
				CLANG_ENABLE_MODULES = YES;
				CLANG_ENABLE_OBJC_ARC = YES;
				CLANG_WARN_BOOL_CONVERSION = YES;
				CLANG_WARN_CONSTANT_CONVERSION = YES;
				CLANG_WARN_DIRECT_OBJC_ISA_USAGE = YES_ERROR;
				CLANG_WARN_EMPTY_BODY = YES;
				CLANG_WARN_ENUM_CONVERSION = YES;
				CLANG_WARN_INT_CONVERSION = YES;
				CLANG_WARN_OBJC_ROOT_CLASS = YES_ERROR;
				CLANG_WARN_UNREACHABLE_CODE = YES;
				CLANG_WARN__DUPLICATE_METHOD_MATCH = YES;
				"CODE_SIGN_IDENTITY[sdk=iphoneos*]" = "iPhone Developer";
				COPY_PHASE_STRIP = NO;
				DEBUG_INFORMATION_FORMAT = dwarf;
				ENABLE_STRICT_OBJC_MSGSEND = YES;
				ENABLE_TESTABILITY = YES;
				GCC_C_LANGUAGE_STANDARD = gnu99;
				GCC_DYNAMIC_NO_PIC = NO;
				GCC_NO_COMMON_BLOCKS = YES;
				GCC_OPTIMIZATION_LEVEL = 0;
				GCC_PREPROCESSOR_DEFINITIONS = (
					"DEBUG=1",
					"$(inherited)",
				);
				GCC_WARN_64_TO_32_BIT_CONVERSION = YES;
				GCC_WARN_ABOUT_RETURN_TYPE = YES_ERROR;
				GCC_WARN_UNDECLARED_SELECTOR = YES;
				GCC_WARN_UNINITIALIZED_AUTOS = YES_AGGRESSIVE;
				GCC_WARN_UNUSED_FUNCTION = YES;
				GCC_WARN_UNUSED_VARIABLE = YES;
				IPHONEOS_DEPLOYMENT_TARGET = 9.0;
				MTL_ENABLE_DEBUG_INFO = YES;
				ONLY_ACTIVE_ARCH = YES;
				SDKROOT = iphoneos;
				SWIFT_OPTIMIZATION_LEVEL = "-Onone";
			};
			name = Debug;
		};
		272D44371D5D1B7F003E361E /* Release */ = {
			isa = XCBuildConfiguration;
			buildSettings = {
				ALWAYS_SEARCH_USER_PATHS = NO;
				CLANG_CXX_LANGUAGE_STANDARD = "gnu++0x";
				CLANG_CXX_LIBRARY = "libc++";
				CLANG_ENABLE_MODULES = YES;
				CLANG_ENABLE_OBJC_ARC = YES;
				CLANG_WARN_BOOL_CONVERSION = YES;
				CLANG_WARN_CONSTANT_CONVERSION = YES;
				CLANG_WARN_DIRECT_OBJC_ISA_USAGE = YES_ERROR;
				CLANG_WARN_EMPTY_BODY = YES;
				CLANG_WARN_ENUM_CONVERSION = YES;
				CLANG_WARN_INT_CONVERSION = YES;
				CLANG_WARN_OBJC_ROOT_CLASS = YES_ERROR;
				CLANG_WARN_UNREACHABLE_CODE = YES;
				CLANG_WARN__DUPLICATE_METHOD_MATCH = YES;
				"CODE_SIGN_IDENTITY[sdk=iphoneos*]" = "iPhone Developer";
				COPY_PHASE_STRIP = NO;
				DEBUG_INFORMATION_FORMAT = "dwarf-with-dsym";
				ENABLE_NS_ASSERTIONS = NO;
				ENABLE_STRICT_OBJC_MSGSEND = YES;
				GCC_C_LANGUAGE_STANDARD = gnu99;
				GCC_NO_COMMON_BLOCKS = YES;
				GCC_WARN_64_TO_32_BIT_CONVERSION = YES;
				GCC_WARN_ABOUT_RETURN_TYPE = YES_ERROR;
				GCC_WARN_UNDECLARED_SELECTOR = YES;
				GCC_WARN_UNINITIALIZED_AUTOS = YES_AGGRESSIVE;
				GCC_WARN_UNUSED_FUNCTION = YES;
				GCC_WARN_UNUSED_VARIABLE = YES;
				IPHONEOS_DEPLOYMENT_TARGET = 9.0;
				MTL_ENABLE_DEBUG_INFO = NO;
				SDKROOT = iphoneos;
				VALIDATE_PRODUCT = YES;
			};
			name = Release;
		};
		272D44391D5D1B7F003E361E /* Debug */ = {
			isa = XCBuildConfiguration;
			buildSettings = {
				ASSETCATALOG_COMPILER_APPICON_NAME = AppIcon;
				INFOPLIST_FILE = Smashtag/Info.plist;
				LD_RUNPATH_SEARCH_PATHS = "$(inherited) @executable_path/Frameworks";
				PRODUCT_BUNDLE_IDENTIFIER = app.pradeep.Smashtag;
				PRODUCT_NAME = "$(TARGET_NAME)";
			};
			name = Debug;
		};
		272D443A1D5D1B7F003E361E /* Release */ = {
			isa = XCBuildConfiguration;
			buildSettings = {
				ASSETCATALOG_COMPILER_APPICON_NAME = AppIcon;
				INFOPLIST_FILE = Smashtag/Info.plist;
				LD_RUNPATH_SEARCH_PATHS = "$(inherited) @executable_path/Frameworks";
				PRODUCT_BUNDLE_IDENTIFIER = app.pradeep.Smashtag;
				PRODUCT_NAME = "$(TARGET_NAME)";
			};
			name = Release;
		};
/* End XCBuildConfiguration section */

/* Begin XCConfigurationList section */
		272D44211D5D1B7F003E361E /* Build configuration list for PBXProject "Smashtag" */ = {
			isa = XCConfigurationList;
			buildConfigurations = (
				272D44361D5D1B7F003E361E /* Debug */,
				272D44371D5D1B7F003E361E /* Release */,
			);
			defaultConfigurationIsVisible = 0;
			defaultConfigurationName = Release;
		};
		272D44381D5D1B7F003E361E /* Build configuration list for PBXNativeTarget "Smashtag" */ = {
			isa = XCConfigurationList;
			buildConfigurations = (
				272D44391D5D1B7F003E361E /* Debug */,
				272D443A1D5D1B7F003E361E /* Release */,
			);
			defaultConfigurationIsVisible = 0;
			defaultConfigurationName = Release;
		};
/* End XCConfigurationList section */
	};
	rootObject = 272D441E1D5D1B7F003E361E /* Project object */;
}
